
Microsoft Visual Studio Solution File, Format Version 12.00
# Visual Studio Version 17
VisualStudioVersion = 17.4.33213.308
MinimumVisualStudioVersion = 10.0.40219.1
Project("{FAE04EC0-301F-11D3-BF4B-00C04F79EFBC}") = "Winform_Component", "Winform_Component\Winform_Component.csproj", "{CD15F072-2738-4F66-AD13-68FE7FBE3B31}"
EndProject
Global
	GlobalSection(SolutionConfigurationPlatforms) = preSolution
		Debug|Any CPU = Debug|Any CPU
		Release|Any CPU = Release|Any CPU
	EndGlobalSection
	GlobalSection(ProjectConfigurationPlatforms) = postSolution
		{CD15F072-2738-4F66-AD13-68FE7FBE3B31}.Debug|Any CPU.ActiveCfg = Debug|Any CPU
		{CD15F072-2738-4F66-AD13-68FE7FBE3B31}.Debug|Any CPU.Build.0 = Debug|Any CPU
		{CD15F072-2738-4F66-AD13-68FE7FBE3B31}.Release|Any CPU.ActiveCfg = Release|Any CPU
		{CD15F072-2738-4F66-AD13-68FE7FBE3B31}.Release|Any CPU.Build.0 = Release|Any CPU
	EndGlobalSection
	GlobalSection(SolutionProperties) = preSolution
		HideSolutionNode = FALSE
	EndGlobalSection
	GlobalSection(ExtensibilityGlobals) = postSolution
		SolutionGuid = {F438AF9D-B8A0-4612-A095-15D12CD91968}
	EndGlobalSection
EndGlobal
